// !$*UTF8*$!
{
	archiveVersion = 1;
	classes = {
	};
	objectVersion = 56;
	objects = {

/* Begin PBXBuildFile section */
		2ED86BD8295E8C1A00DA21C4 /* micropolis_engine.h in Headers */ = {isa = PBXBuildFile; fileRef = 2ED86BD7295E8C1A00DA21C4 /* micropolis_engine.h */; settings = {ATTRIBUTES = (Public, ); }; };
		2ED86C03295E8D8B00DA21C4 /* disasters.cpp in Sources */ = {isa = PBXBuildFile; fileRef = 2ED86BDF295E8D8A00DA21C4 /* disasters.cpp */; };
		2ED86C04295E8D8B00DA21C4 /* stubs.cpp in Sources */ = {isa = PBXBuildFile; fileRef = 2ED86BE0295E8D8A00DA21C4 /* stubs.cpp */; };
		2ED86C05295E8D8B00DA21C4 /* zone.cpp in Sources */ = {isa = PBXBuildFile; fileRef = 2ED86BE1295E8D8A00DA21C4 /* zone.cpp */; };
		2ED86C06295E8D8B00DA21C4 /* stdafx.h in Headers */ = {isa = PBXBuildFile; fileRef = 2ED86BE2295E8D8A00DA21C4 /* stdafx.h */; };
		2ED86C07295E8D8B00DA21C4 /* text.h in Headers */ = {isa = PBXBuildFile; fileRef = 2ED86BE3295E8D8A00DA21C4 /* text.h */; };
		2ED86C08295E8D8B00DA21C4 /* scan.cpp in Sources */ = {isa = PBXBuildFile; fileRef = 2ED86BE4295E8D8A00DA21C4 /* scan.cpp */; };
		2ED86C09295E8D8B00DA21C4 /* message.cpp in Sources */ = {isa = PBXBuildFile; fileRef = 2ED86BE5295E8D8A00DA21C4 /* message.cpp */; };
		2ED86C0A295E8D8B00DA21C4 /* resource.cpp in Sources */ = {isa = PBXBuildFile; fileRef = 2ED86BE6295E8D8A00DA21C4 /* resource.cpp */; };
		2ED86C0B295E8D8B00DA21C4 /* budget.cpp in Sources */ = {isa = PBXBuildFile; fileRef = 2ED86BE7295E8D8A00DA21C4 /* budget.cpp */; };
		2ED86C0C295E8D8B00DA21C4 /* initialize.cpp in Sources */ = {isa = PBXBuildFile; fileRef = 2ED86BE8295E8D8A00DA21C4 /* initialize.cpp */; };
		2ED86C0D295E8D8B00DA21C4 /* data_types.h in Headers */ = {isa = PBXBuildFile; fileRef = 2ED86BE9295E8D8A00DA21C4 /* data_types.h */; };
		2ED86C0E295E8D8B00DA21C4 /* random.cpp in Sources */ = {isa = PBXBuildFile; fileRef = 2ED86BEA295E8D8A00DA21C4 /* random.cpp */; };
		2ED86C0F295E8D8B00DA21C4 /* graph.cpp in Sources */ = {isa = PBXBuildFile; fileRef = 2ED86BEB295E8D8A00DA21C4 /* graph.cpp */; };
		2ED86C10295E8D8B00DA21C4 /* sprite.cpp in Sources */ = {isa = PBXBuildFile; fileRef = 2ED86BEC295E8D8A00DA21C4 /* sprite.cpp */; };
		2ED86C11295E8D8B00DA21C4 /* fileio.cpp in Sources */ = {isa = PBXBuildFile; fileRef = 2ED86BED295E8D8A00DA21C4 /* fileio.cpp */; };
		2ED86C12295E8D8B00DA21C4 /* traffic.cpp in Sources */ = {isa = PBXBuildFile; fileRef = 2ED86BEE295E8D8A00DA21C4 /* traffic.cpp */; };
		2ED86C13295E8D8B00DA21C4 /* utilities.cpp in Sources */ = {isa = PBXBuildFile; fileRef = 2ED86BEF295E8D8A00DA21C4 /* utilities.cpp */; };
		2ED86C14295E8D8B00DA21C4 /* micropolis.cpp in Sources */ = {isa = PBXBuildFile; fileRef = 2ED86BF0295E8D8A00DA21C4 /* micropolis.cpp */; };
		2ED86C15295E8D8B00DA21C4 /* generate.h in Headers */ = {isa = PBXBuildFile; fileRef = 2ED86BF1295E8D8A00DA21C4 /* generate.h */; };
		2ED86C16295E8D8B00DA21C4 /* evaluate.cpp in Sources */ = {isa = PBXBuildFile; fileRef = 2ED86BF2295E8D8A00DA21C4 /* evaluate.cpp */; };
		2ED86C17295E8D8B00DA21C4 /* power.cpp in Sources */ = {isa = PBXBuildFile; fileRef = 2ED86BF3295E8D8A00DA21C4 /* power.cpp */; };
		2ED86C18295E8D8B00DA21C4 /* map.cpp in Sources */ = {isa = PBXBuildFile; fileRef = 2ED86BF4295E8D8A00DA21C4 /* map.cpp */; };
		2ED86C1A295E8D8B00DA21C4 /* stubs.h in Headers */ = {isa = PBXBuildFile; fileRef = 2ED86BF6295E8D8A00DA21C4 /* stubs.h */; };
		2ED86C1B295E8D8B00DA21C4 /* connect.cpp in Sources */ = {isa = PBXBuildFile; fileRef = 2ED86BF7295E8D8A00DA21C4 /* connect.cpp */; };
		2ED86C1C295E8D8B00DA21C4 /* tool.h in Headers */ = {isa = PBXBuildFile; fileRef = 2ED86BF8295E8D8A00DA21C4 /* tool.h */; };
		2ED86C1D295E8D8B00DA21C4 /* animate.cpp in Sources */ = {isa = PBXBuildFile; fileRef = 2ED86BF9295E8D8A00DA21C4 /* animate.cpp */; };
		2ED86C1E295E8D8B00DA21C4 /* update.cpp in Sources */ = {isa = PBXBuildFile; fileRef = 2ED86BFA295E8D8A00DA21C4 /* update.cpp */; };
		2ED86C1F295E8D8B00DA21C4 /* tool.cpp in Sources */ = {isa = PBXBuildFile; fileRef = 2ED86BFB295E8D8A00DA21C4 /* tool.cpp */; };
		2ED86C20295E8D8B00DA21C4 /* simulate.cpp in Sources */ = {isa = PBXBuildFile; fileRef = 2ED86BFC295E8D8A00DA21C4 /* simulate.cpp */; };
		2ED86C21295E8D8B00DA21C4 /* map_type.h in Headers */ = {isa = PBXBuildFile; fileRef = 2ED86BFD295E8D8A00DA21C4 /* map_type.h */; };
		2ED86C23295E8D8B00DA21C4 /* position.h in Headers */ = {isa = PBXBuildFile; fileRef = 2ED86BFF295E8D8A00DA21C4 /* position.h */; };
		2ED86C24295E8D8B00DA21C4 /* generate.cpp in Sources */ = {isa = PBXBuildFile; fileRef = 2ED86C00295E8D8A00DA21C4 /* generate.cpp */; };
		2ED86C25295E8D8B00DA21C4 /* position.cpp in Sources */ = {isa = PBXBuildFile; fileRef = 2ED86C01295E8D8A00DA21C4 /* position.cpp */; };
		2ED86C26295E8D8B00DA21C4 /* micropolis.h in Headers */ = {isa = PBXBuildFile; fileRef = 2ED86C02295E8D8A00DA21C4 /* micropolis.h */; };
		2ED86C2E2960DD3800DA21C4 /* micropolis_engine_tests.swift in Sources */ = {isa = PBXBuildFile; fileRef = 2ED86C2D2960DD3800DA21C4 /* micropolis_engine_tests.swift */; };
		2ED86C2F2960DD3800DA21C4 /* micropolis_engine.framework in Frameworks */ = {isa = PBXBuildFile; fileRef = 2ED86BD4295E8C1A00DA21C4 /* micropolis_engine.framework */; };
		2ED86C362960F4DB00DA21C4 /* MicropolisWrapper.mm in Sources */ = {isa = PBXBuildFile; fileRef = 2ED86C352960F4DB00DA21C4 /* MicropolisWrapper.mm */; };
		2ED86C382960F84800DA21C4 /* MicropolisWrapper.hh in Headers */ = {isa = PBXBuildFile; fileRef = 2ED86C372960F52500DA21C4 /* MicropolisWrapper.hh */; settings = {ATTRIBUTES = (Public, ); }; };
/* End PBXBuildFile section */

/* Begin PBXContainerItemProxy section */
		2ED86C302960DD3800DA21C4 /* PBXContainerItemProxy */ = {
			isa = PBXContainerItemProxy;
			containerPortal = 2ED86BCB295E8C1A00DA21C4 /* Project object */;
			proxyType = 1;
			remoteGlobalIDString = 2ED86BD3295E8C1A00DA21C4;
			remoteInfo = "micropolis-engine";
		};
/* End PBXContainerItemProxy section */

/* Begin PBXFileReference section */
		2ED86BD4295E8C1A00DA21C4 /* micropolis_engine.framework */ = {isa = PBXFileReference; explicitFileType = wrapper.framework; includeInIndex = 0; path = micropolis_engine.framework; sourceTree = BUILT_PRODUCTS_DIR; };
		2ED86BD7295E8C1A00DA21C4 /* micropolis_engine.h */ = {isa = PBXFileReference; lastKnownFileType = sourcecode.c.h; path = micropolis_engine.h; sourceTree = "<group>"; };
		2ED86BDF295E8D8A00DA21C4 /* disasters.cpp */ = {isa = PBXFileReference; fileEncoding = 4; lastKnownFileType = sourcecode.cpp.cpp; path = disasters.cpp; sourceTree = "<group>"; };
		2ED86BE0295E8D8A00DA21C4 /* stubs.cpp */ = {isa = PBXFileReference; fileEncoding = 4; lastKnownFileType = sourcecode.cpp.cpp; path = stubs.cpp; sourceTree = "<group>"; };
		2ED86BE1295E8D8A00DA21C4 /* zone.cpp */ = {isa = PBXFileReference; fileEncoding = 4; lastKnownFileType = sourcecode.cpp.cpp; path = zone.cpp; sourceTree = "<group>"; };
		2ED86BE2295E8D8A00DA21C4 /* stdafx.h */ = {isa = PBXFileReference; fileEncoding = 4; lastKnownFileType = sourcecode.c.h; path = stdafx.h; sourceTree = "<group>"; };
		2ED86BE3295E8D8A00DA21C4 /* text.h */ = {isa = PBXFileReference; fileEncoding = 4; lastKnownFileType = sourcecode.c.h; path = text.h; sourceTree = "<group>"; };
		2ED86BE4295E8D8A00DA21C4 /* scan.cpp */ = {isa = PBXFileReference; fileEncoding = 4; lastKnownFileType = sourcecode.cpp.cpp; path = scan.cpp; sourceTree = "<group>"; };
		2ED86BE5295E8D8A00DA21C4 /* message.cpp */ = {isa = PBXFileReference; fileEncoding = 4; lastKnownFileType = sourcecode.cpp.cpp; path = message.cpp; sourceTree = "<group>"; };
		2ED86BE6295E8D8A00DA21C4 /* resource.cpp */ = {isa = PBXFileReference; fileEncoding = 4; lastKnownFileType = sourcecode.cpp.cpp; path = resource.cpp; sourceTree = "<group>"; };
		2ED86BE7295E8D8A00DA21C4 /* budget.cpp */ = {isa = PBXFileReference; fileEncoding = 4; lastKnownFileType = sourcecode.cpp.cpp; path = budget.cpp; sourceTree = "<group>"; };
		2ED86BE8295E8D8A00DA21C4 /* initialize.cpp */ = {isa = PBXFileReference; fileEncoding = 4; lastKnownFileType = sourcecode.cpp.cpp; path = initialize.cpp; sourceTree = "<group>"; };
		2ED86BE9295E8D8A00DA21C4 /* data_types.h */ = {isa = PBXFileReference; fileEncoding = 4; lastKnownFileType = sourcecode.c.h; path = data_types.h; sourceTree = "<group>"; };
		2ED86BEA295E8D8A00DA21C4 /* random.cpp */ = {isa = PBXFileReference; fileEncoding = 4; lastKnownFileType = sourcecode.cpp.cpp; path = random.cpp; sourceTree = "<group>"; };
		2ED86BEB295E8D8A00DA21C4 /* graph.cpp */ = {isa = PBXFileReference; fileEncoding = 4; lastKnownFileType = sourcecode.cpp.cpp; path = graph.cpp; sourceTree = "<group>"; };
		2ED86BEC295E8D8A00DA21C4 /* sprite.cpp */ = {isa = PBXFileReference; fileEncoding = 4; lastKnownFileType = sourcecode.cpp.cpp; path = sprite.cpp; sourceTree = "<group>"; };
		2ED86BED295E8D8A00DA21C4 /* fileio.cpp */ = {isa = PBXFileReference; fileEncoding = 4; lastKnownFileType = sourcecode.cpp.cpp; path = fileio.cpp; sourceTree = "<group>"; };
		2ED86BEE295E8D8A00DA21C4 /* traffic.cpp */ = {isa = PBXFileReference; fileEncoding = 4; lastKnownFileType = sourcecode.cpp.cpp; path = traffic.cpp; sourceTree = "<group>"; };
		2ED86BEF295E8D8A00DA21C4 /* utilities.cpp */ = {isa = PBXFileReference; fileEncoding = 4; lastKnownFileType = sourcecode.cpp.cpp; path = utilities.cpp; sourceTree = "<group>"; };
		2ED86BF0295E8D8A00DA21C4 /* micropolis.cpp */ = {isa = PBXFileReference; explicitFileType = sourcecode.cpp.objcpp; fileEncoding = 4; path = micropolis.cpp; sourceTree = "<group>"; };
		2ED86BF1295E8D8A00DA21C4 /* generate.h */ = {isa = PBXFileReference; fileEncoding = 4; lastKnownFileType = sourcecode.c.h; path = generate.h; sourceTree = "<group>"; };
		2ED86BF2295E8D8A00DA21C4 /* evaluate.cpp */ = {isa = PBXFileReference; fileEncoding = 4; lastKnownFileType = sourcecode.cpp.cpp; path = evaluate.cpp; sourceTree = "<group>"; };
		2ED86BF3295E8D8A00DA21C4 /* power.cpp */ = {isa = PBXFileReference; fileEncoding = 4; lastKnownFileType = sourcecode.cpp.cpp; path = power.cpp; sourceTree = "<group>"; };
		2ED86BF4295E8D8A00DA21C4 /* map.cpp */ = {isa = PBXFileReference; fileEncoding = 4; lastKnownFileType = sourcecode.cpp.cpp; path = map.cpp; sourceTree = "<group>"; };
		2ED86BF6295E8D8A00DA21C4 /* stubs.h */ = {isa = PBXFileReference; fileEncoding = 4; lastKnownFileType = sourcecode.c.h; path = stubs.h; sourceTree = "<group>"; };
		2ED86BF7295E8D8A00DA21C4 /* connect.cpp */ = {isa = PBXFileReference; fileEncoding = 4; lastKnownFileType = sourcecode.cpp.cpp; path = connect.cpp; sourceTree = "<group>"; };
		2ED86BF8295E8D8A00DA21C4 /* tool.h */ = {isa = PBXFileReference; fileEncoding = 4; lastKnownFileType = sourcecode.c.h; path = tool.h; sourceTree = "<group>"; };
		2ED86BF9295E8D8A00DA21C4 /* animate.cpp */ = {isa = PBXFileReference; fileEncoding = 4; lastKnownFileType = sourcecode.cpp.cpp; path = animate.cpp; sourceTree = "<group>"; };
		2ED86BFA295E8D8A00DA21C4 /* update.cpp */ = {isa = PBXFileReference; fileEncoding = 4; lastKnownFileType = sourcecode.cpp.cpp; path = update.cpp; sourceTree = "<group>"; };
		2ED86BFB295E8D8A00DA21C4 /* tool.cpp */ = {isa = PBXFileReference; fileEncoding = 4; lastKnownFileType = sourcecode.cpp.cpp; path = tool.cpp; sourceTree = "<group>"; };
		2ED86BFC295E8D8A00DA21C4 /* simulate.cpp */ = {isa = PBXFileReference; fileEncoding = 4; lastKnownFileType = sourcecode.cpp.cpp; path = simulate.cpp; sourceTree = "<group>"; };
		2ED86BFD295E8D8A00DA21C4 /* map_type.h */ = {isa = PBXFileReference; fileEncoding = 4; lastKnownFileType = sourcecode.c.h; path = map_type.h; sourceTree = "<group>"; };
		2ED86BFF295E8D8A00DA21C4 /* position.h */ = {isa = PBXFileReference; fileEncoding = 4; lastKnownFileType = sourcecode.c.h; path = position.h; sourceTree = "<group>"; };
		2ED86C00295E8D8A00DA21C4 /* generate.cpp */ = {isa = PBXFileReference; fileEncoding = 4; lastKnownFileType = sourcecode.cpp.cpp; path = generate.cpp; sourceTree = "<group>"; };
		2ED86C01295E8D8A00DA21C4 /* position.cpp */ = {isa = PBXFileReference; fileEncoding = 4; lastKnownFileType = sourcecode.cpp.cpp; path = position.cpp; sourceTree = "<group>"; };
		2ED86C02295E8D8A00DA21C4 /* micropolis.h */ = {isa = PBXFileReference; fileEncoding = 4; lastKnownFileType = sourcecode.c.h; path = micropolis.h; sourceTree = "<group>"; };
		2ED86C2B2960DD3800DA21C4 /* micropolis_engine_tests.xctest */ = {isa = PBXFileReference; explicitFileType = wrapper.cfbundle; includeInIndex = 0; path = micropolis_engine_tests.xctest; sourceTree = BUILT_PRODUCTS_DIR; };
		2ED86C2D2960DD3800DA21C4 /* micropolis_engine_tests.swift */ = {isa = PBXFileReference; lastKnownFileType = sourcecode.swift; path = micropolis_engine_tests.swift; sourceTree = "<group>"; };
		2ED86C352960F4DB00DA21C4 /* MicropolisWrapper.mm */ = {isa = PBXFileReference; lastKnownFileType = sourcecode.cpp.objcpp; path = MicropolisWrapper.mm; sourceTree = "<group>"; };
		2ED86C372960F52500DA21C4 /* MicropolisWrapper.hh */ = {isa = PBXFileReference; lastKnownFileType = sourcecode.cpp.h; path = MicropolisWrapper.hh; sourceTree = "<group>"; };
/* End PBXFileReference section */

/* Begin PBXFrameworksBuildPhase section */
		2ED86BD1295E8C1A00DA21C4 /* Frameworks */ = {
			isa = PBXFrameworksBuildPhase;
			buildActionMask = 2147483647;
			files = (
			);
			runOnlyForDeploymentPostprocessing = 0;
		};
		2ED86C282960DD3800DA21C4 /* Frameworks */ = {
			isa = PBXFrameworksBuildPhase;
			buildActionMask = 2147483647;
			files = (
				2ED86C2F2960DD3800DA21C4 /* micropolis_engine.framework in Frameworks */,
			);
			runOnlyForDeploymentPostprocessing = 0;
		};
/* End PBXFrameworksBuildPhase section */

/* Begin PBXGroup section */
		2ED86BCA295E8C1A00DA21C4 = {
			isa = PBXGroup;
			children = (
				2ED86BD7295E8C1A00DA21C4 /* micropolis_engine.h */,
				2ED86BDE295E8D8A00DA21C4 /* src */,
				2ED86C2C2960DD3800DA21C4 /* micropolis_engine_tests */,
				2ED86BD5295E8C1A00DA21C4 /* Products */,
			);
			sourceTree = "<group>";
		};
		2ED86BD5295E8C1A00DA21C4 /* Products */ = {
			isa = PBXGroup;
			children = (
				2ED86BD4295E8C1A00DA21C4 /* micropolis_engine.framework */,
				2ED86C2B2960DD3800DA21C4 /* micropolis_engine_tests.xctest */,
			);
			name = Products;
			sourceTree = "<group>";
		};
		2ED86BDE295E8D8A00DA21C4 /* src */ = {
			isa = PBXGroup;
			children = (
				2ED86C02295E8D8A00DA21C4 /* micropolis.h */,
				2ED86BE9295E8D8A00DA21C4 /* data_types.h */,
				2ED86BF6295E8D8A00DA21C4 /* stubs.h */,
				2ED86BE3295E8D8A00DA21C4 /* text.h */,
				2ED86BF1295E8D8A00DA21C4 /* generate.h */,
				2ED86BF8295E8D8A00DA21C4 /* tool.h */,
				2ED86BFD295E8D8A00DA21C4 /* map_type.h */,
				2ED86BFF295E8D8A00DA21C4 /* position.h */,
				2ED86BE2295E8D8A00DA21C4 /* stdafx.h */,
				2ED86BE0295E8D8A00DA21C4 /* stubs.cpp */,
				2ED86BF0295E8D8A00DA21C4 /* micropolis.cpp */,
				2ED86BDF295E8D8A00DA21C4 /* disasters.cpp */,
				2ED86BE1295E8D8A00DA21C4 /* zone.cpp */,
				2ED86BE4295E8D8A00DA21C4 /* scan.cpp */,
				2ED86BE5295E8D8A00DA21C4 /* message.cpp */,
				2ED86BE6295E8D8A00DA21C4 /* resource.cpp */,
				2ED86BE7295E8D8A00DA21C4 /* budget.cpp */,
				2ED86BE8295E8D8A00DA21C4 /* initialize.cpp */,
				2ED86BEA295E8D8A00DA21C4 /* random.cpp */,
				2ED86BEB295E8D8A00DA21C4 /* graph.cpp */,
				2ED86BEC295E8D8A00DA21C4 /* sprite.cpp */,
				2ED86BED295E8D8A00DA21C4 /* fileio.cpp */,
				2ED86BEE295E8D8A00DA21C4 /* traffic.cpp */,
				2ED86BEF295E8D8A00DA21C4 /* utilities.cpp */,
				2ED86BF2295E8D8A00DA21C4 /* evaluate.cpp */,
				2ED86BF3295E8D8A00DA21C4 /* power.cpp */,
				2ED86BF4295E8D8A00DA21C4 /* map.cpp */,
				2ED86BF7295E8D8A00DA21C4 /* connect.cpp */,
				2ED86BF9295E8D8A00DA21C4 /* animate.cpp */,
				2ED86BFA295E8D8A00DA21C4 /* update.cpp */,
				2ED86BFB295E8D8A00DA21C4 /* tool.cpp */,
				2ED86BFC295E8D8A00DA21C4 /* simulate.cpp */,
				2ED86C00295E8D8A00DA21C4 /* generate.cpp */,
				2ED86C01295E8D8A00DA21C4 /* position.cpp */,
				2ED86C372960F52500DA21C4 /* MicropolisWrapper.hh */,
				2ED86C352960F4DB00DA21C4 /* MicropolisWrapper.mm */,
			);
			path = src;
			sourceTree = "<group>";
		};
		2ED86C2C2960DD3800DA21C4 /* micropolis_engine_tests */ = {
			isa = PBXGroup;
			children = (
				2ED86C2D2960DD3800DA21C4 /* micropolis_engine_tests.swift */,
			);
			path = micropolis_engine_tests;
			sourceTree = "<group>";
		};
/* End PBXGroup section */

/* Begin PBXHeadersBuildPhase section */
		2ED86BCF295E8C1A00DA21C4 /* Headers */ = {
			isa = PBXHeadersBuildPhase;
			buildActionMask = 2147483647;
			files = (
				2ED86C1A295E8D8B00DA21C4 /* stubs.h in Headers */,
				2ED86C26295E8D8B00DA21C4 /* micropolis.h in Headers */,
				2ED86C0D295E8D8B00DA21C4 /* data_types.h in Headers */,
				2ED86C23295E8D8B00DA21C4 /* position.h in Headers */,
				2ED86C1C295E8D8B00DA21C4 /* tool.h in Headers */,
				2ED86C07295E8D8B00DA21C4 /* text.h in Headers */,
				2ED86C15295E8D8B00DA21C4 /* generate.h in Headers */,
				2ED86C06295E8D8B00DA21C4 /* stdafx.h in Headers */,
				2ED86BD8295E8C1A00DA21C4 /* micropolis_engine.h in Headers */,
				2ED86C21295E8D8B00DA21C4 /* map_type.h in Headers */,
				2ED86C382960F84800DA21C4 /* MicropolisWrapper.hh in Headers */,
			);
			runOnlyForDeploymentPostprocessing = 0;
		};
/* End PBXHeadersBuildPhase section */

/* Begin PBXNativeTarget section */
		2ED86BD3295E8C1A00DA21C4 /* micropolis-engine */ = {
			isa = PBXNativeTarget;
			buildConfigurationList = 2ED86BDB295E8C1A00DA21C4 /* Build configuration list for PBXNativeTarget "micropolis-engine" */;
			buildPhases = (
				2ED86BCF295E8C1A00DA21C4 /* Headers */,
				2ED86BD0295E8C1A00DA21C4 /* Sources */,
				2ED86BD1295E8C1A00DA21C4 /* Frameworks */,
				2ED86BD2295E8C1A00DA21C4 /* Resources */,
			);
			buildRules = (
			);
			dependencies = (
			);
			name = "micropolis-engine";
			productName = "micropolis-engine";
			productReference = 2ED86BD4295E8C1A00DA21C4 /* micropolis_engine.framework */;
			productType = "com.apple.product-type.framework";
		};
		2ED86C2A2960DD3800DA21C4 /* micropolis_engine_tests */ = {
			isa = PBXNativeTarget;
			buildConfigurationList = 2ED86C322960DD3800DA21C4 /* Build configuration list for PBXNativeTarget "micropolis_engine_tests" */;
			buildPhases = (
				2ED86C272960DD3800DA21C4 /* Sources */,
				2ED86C282960DD3800DA21C4 /* Frameworks */,
				2ED86C292960DD3800DA21C4 /* Resources */,
			);
			buildRules = (
			);
			dependencies = (
				2ED86C312960DD3800DA21C4 /* PBXTargetDependency */,
			);
			name = micropolis_engine_tests;
			productName = micropolis_engine_tests;
			productReference = 2ED86C2B2960DD3800DA21C4 /* micropolis_engine_tests.xctest */;
			productType = "com.apple.product-type.bundle.unit-test";
		};
/* End PBXNativeTarget section */

/* Begin PBXProject section */
		2ED86BCB295E8C1A00DA21C4 /* Project object */ = {
			isa = PBXProject;
			attributes = {
				BuildIndependentTargetsInParallel = 1;
				LastSwiftUpdateCheck = 1420;
				LastUpgradeCheck = 1420;
				TargetAttributes = {
					2ED86BD3295E8C1A00DA21C4 = {
						CreatedOnToolsVersion = 14.2;
					};
					2ED86C2A2960DD3800DA21C4 = {
						CreatedOnToolsVersion = 14.2;
					};
				};
			};
			buildConfigurationList = 2ED86BCE295E8C1A00DA21C4 /* Build configuration list for PBXProject "micropolis-engine" */;
			compatibilityVersion = "Xcode 14.0";
			developmentRegion = en;
			hasScannedForEncodings = 0;
			knownRegions = (
				en,
				Base,
			);
			mainGroup = 2ED86BCA295E8C1A00DA21C4;
			productRefGroup = 2ED86BD5295E8C1A00DA21C4 /* Products */;
			projectDirPath = "";
			projectRoot = "";
			targets = (
				2ED86BD3295E8C1A00DA21C4 /* micropolis-engine */,
				2ED86C2A2960DD3800DA21C4 /* micropolis_engine_tests */,
			);
		};
/* End PBXProject section */

/* Begin PBXResourcesBuildPhase section */
		2ED86BD2295E8C1A00DA21C4 /* Resources */ = {
			isa = PBXResourcesBuildPhase;
			buildActionMask = 2147483647;
			files = (
			);
			runOnlyForDeploymentPostprocessing = 0;
		};
		2ED86C292960DD3800DA21C4 /* Resources */ = {
			isa = PBXResourcesBuildPhase;
			buildActionMask = 2147483647;
			files = (
			);
			runOnlyForDeploymentPostprocessing = 0;
		};
/* End PBXResourcesBuildPhase section */

/* Begin PBXSourcesBuildPhase section */
		2ED86BD0295E8C1A00DA21C4 /* Sources */ = {
			isa = PBXSourcesBuildPhase;
			buildActionMask = 2147483647;
			files = (
				2ED86C18295E8D8B00DA21C4 /* map.cpp in Sources */,
				2ED86C20295E8D8B00DA21C4 /* simulate.cpp in Sources */,
				2ED86C1F295E8D8B00DA21C4 /* tool.cpp in Sources */,
				2ED86C03295E8D8B00DA21C4 /* disasters.cpp in Sources */,
				2ED86C12295E8D8B00DA21C4 /* traffic.cpp in Sources */,
				2ED86C0C295E8D8B00DA21C4 /* initialize.cpp in Sources */,
				2ED86C17295E8D8B00DA21C4 /* power.cpp in Sources */,
				2ED86C1E295E8D8B00DA21C4 /* update.cpp in Sources */,
				2ED86C0F295E8D8B00DA21C4 /* graph.cpp in Sources */,
				2ED86C16295E8D8B00DA21C4 /* evaluate.cpp in Sources */,
				2ED86C04295E8D8B00DA21C4 /* stubs.cpp in Sources */,
				2ED86C0B295E8D8B00DA21C4 /* budget.cpp in Sources */,
				2ED86C1B295E8D8B00DA21C4 /* connect.cpp in Sources */,
				2ED86C10295E8D8B00DA21C4 /* sprite.cpp in Sources */,
				2ED86C14295E8D8B00DA21C4 /* micropolis.cpp in Sources */,
				2ED86C08295E8D8B00DA21C4 /* scan.cpp in Sources */,
				2ED86C362960F4DB00DA21C4 /* MicropolisWrapper.mm in Sources */,
				2ED86C0E295E8D8B00DA21C4 /* random.cpp in Sources */,
				2ED86C09295E8D8B00DA21C4 /* message.cpp in Sources */,
				2ED86C05295E8D8B00DA21C4 /* zone.cpp in Sources */,
				2ED86C0A295E8D8B00DA21C4 /* resource.cpp in Sources */,
				2ED86C24295E8D8B00DA21C4 /* generate.cpp in Sources */,
				2ED86C25295E8D8B00DA21C4 /* position.cpp in Sources */,
				2ED86C13295E8D8B00DA21C4 /* utilities.cpp in Sources */,
				2ED86C11295E8D8B00DA21C4 /* fileio.cpp in Sources */,
				2ED86C1D295E8D8B00DA21C4 /* animate.cpp in Sources */,
			);
			runOnlyForDeploymentPostprocessing = 0;
		};
		2ED86C272960DD3800DA21C4 /* Sources */ = {
			isa = PBXSourcesBuildPhase;
			buildActionMask = 2147483647;
			files = (
				2ED86C2E2960DD3800DA21C4 /* micropolis_engine_tests.swift in Sources */,
			);
			runOnlyForDeploymentPostprocessing = 0;
		};
/* End PBXSourcesBuildPhase section */

/* Begin PBXTargetDependency section */
		2ED86C312960DD3800DA21C4 /* PBXTargetDependency */ = {
			isa = PBXTargetDependency;
			target = 2ED86BD3295E8C1A00DA21C4 /* micropolis-engine */;
			targetProxy = 2ED86C302960DD3800DA21C4 /* PBXContainerItemProxy */;
		};
/* End PBXTargetDependency section */

/* Begin XCBuildConfiguration section */
		2ED86BD9295E8C1A00DA21C4 /* Debug */ = {
			isa = XCBuildConfiguration;
			buildSettings = {
				ALWAYS_SEARCH_USER_PATHS = NO;
				CLANG_ANALYZER_NONNULL = YES;
				CLANG_ANALYZER_NUMBER_OBJECT_CONVERSION = YES_AGGRESSIVE;
				CLANG_CXX_LANGUAGE_STANDARD = "gnu++20";
				CLANG_ENABLE_MODULES = YES;
				CLANG_ENABLE_OBJC_ARC = YES;
				CLANG_ENABLE_OBJC_WEAK = YES;
				CLANG_WARN_BLOCK_CAPTURE_AUTORELEASING = YES;
				CLANG_WARN_BOOL_CONVERSION = YES;
				CLANG_WARN_COMMA = YES;
				CLANG_WARN_CONSTANT_CONVERSION = YES;
				CLANG_WARN_DEPRECATED_OBJC_IMPLEMENTATIONS = YES;
				CLANG_WARN_DIRECT_OBJC_ISA_USAGE = YES_ERROR;
				CLANG_WARN_DOCUMENTATION_COMMENTS = YES;
				CLANG_WARN_EMPTY_BODY = YES;
				CLANG_WARN_ENUM_CONVERSION = YES;
				CLANG_WARN_INFINITE_RECURSION = YES;
				CLANG_WARN_INT_CONVERSION = YES;
				CLANG_WARN_NON_LITERAL_NULL_CONVERSION = YES;
				CLANG_WARN_OBJC_IMPLICIT_RETAIN_SELF = YES;
				CLANG_WARN_OBJC_LITERAL_CONVERSION = YES;
				CLANG_WARN_OBJC_ROOT_CLASS = YES_ERROR;
				CLANG_WARN_QUOTED_INCLUDE_IN_FRAMEWORK_HEADER = YES;
				CLANG_WARN_RANGE_LOOP_ANALYSIS = YES;
				CLANG_WARN_STRICT_PROTOTYPES = YES;
				CLANG_WARN_SUSPICIOUS_MOVE = YES;
				CLANG_WARN_UNGUARDED_AVAILABILITY = YES_AGGRESSIVE;
				CLANG_WARN_UNREACHABLE_CODE = YES;
				CLANG_WARN__DUPLICATE_METHOD_MATCH = YES;
				COPY_PHASE_STRIP = NO;
				CURRENT_PROJECT_VERSION = 1;
				DEBUG_INFORMATION_FORMAT = dwarf;
				ENABLE_STRICT_OBJC_MSGSEND = YES;
				ENABLE_TESTABILITY = YES;
				GCC_C_LANGUAGE_STANDARD = gnu11;
				GCC_DYNAMIC_NO_PIC = NO;
				GCC_NO_COMMON_BLOCKS = YES;
				GCC_OPTIMIZATION_LEVEL = 0;
				GCC_PREPROCESSOR_DEFINITIONS = (
					"DEBUG=1",
					"$(inherited)",
				);
				GCC_WARN_64_TO_32_BIT_CONVERSION = YES;
				GCC_WARN_ABOUT_RETURN_TYPE = YES_ERROR;
				GCC_WARN_UNDECLARED_SELECTOR = YES;
				GCC_WARN_UNINITIALIZED_AUTOS = YES_AGGRESSIVE;
				GCC_WARN_UNUSED_FUNCTION = YES;
				GCC_WARN_UNUSED_VARIABLE = YES;
				MTL_ENABLE_DEBUG_INFO = INCLUDE_SOURCE;
				MTL_FAST_MATH = YES;
				ONLY_ACTIVE_ARCH = YES;
				SWIFT_ACTIVE_COMPILATION_CONDITIONS = DEBUG;
				SWIFT_OPTIMIZATION_LEVEL = "-Onone";
				VERSIONING_SYSTEM = "apple-generic";
				VERSION_INFO_PREFIX = "";
			};
			name = Debug;
		};
		2ED86BDA295E8C1A00DA21C4 /* Release */ = {
			isa = XCBuildConfiguration;
			buildSettings = {
				ALWAYS_SEARCH_USER_PATHS = NO;
				CLANG_ANALYZER_NONNULL = YES;
				CLANG_ANALYZER_NUMBER_OBJECT_CONVERSION = YES_AGGRESSIVE;
				CLANG_CXX_LANGUAGE_STANDARD = "gnu++20";
				CLANG_ENABLE_MODULES = YES;
				CLANG_ENABLE_OBJC_ARC = YES;
				CLANG_ENABLE_OBJC_WEAK = YES;
				CLANG_WARN_BLOCK_CAPTURE_AUTORELEASING = YES;
				CLANG_WARN_BOOL_CONVERSION = YES;
				CLANG_WARN_COMMA = YES;
				CLANG_WARN_CONSTANT_CONVERSION = YES;
				CLANG_WARN_DEPRECATED_OBJC_IMPLEMENTATIONS = YES;
				CLANG_WARN_DIRECT_OBJC_ISA_USAGE = YES_ERROR;
				CLANG_WARN_DOCUMENTATION_COMMENTS = YES;
				CLANG_WARN_EMPTY_BODY = YES;
				CLANG_WARN_ENUM_CONVERSION = YES;
				CLANG_WARN_INFINITE_RECURSION = YES;
				CLANG_WARN_INT_CONVERSION = YES;
				CLANG_WARN_NON_LITERAL_NULL_CONVERSION = YES;
				CLANG_WARN_OBJC_IMPLICIT_RETAIN_SELF = YES;
				CLANG_WARN_OBJC_LITERAL_CONVERSION = YES;
				CLANG_WARN_OBJC_ROOT_CLASS = YES_ERROR;
				CLANG_WARN_QUOTED_INCLUDE_IN_FRAMEWORK_HEADER = YES;
				CLANG_WARN_RANGE_LOOP_ANALYSIS = YES;
				CLANG_WARN_STRICT_PROTOTYPES = YES;
				CLANG_WARN_SUSPICIOUS_MOVE = YES;
				CLANG_WARN_UNGUARDED_AVAILABILITY = YES_AGGRESSIVE;
				CLANG_WARN_UNREACHABLE_CODE = YES;
				CLANG_WARN__DUPLICATE_METHOD_MATCH = YES;
				COPY_PHASE_STRIP = NO;
				CURRENT_PROJECT_VERSION = 1;
				DEBUG_INFORMATION_FORMAT = "dwarf-with-dsym";
				ENABLE_NS_ASSERTIONS = NO;
				ENABLE_STRICT_OBJC_MSGSEND = YES;
				GCC_C_LANGUAGE_STANDARD = gnu11;
				GCC_NO_COMMON_BLOCKS = YES;
				GCC_WARN_64_TO_32_BIT_CONVERSION = YES;
				GCC_WARN_ABOUT_RETURN_TYPE = YES_ERROR;
				GCC_WARN_UNDECLARED_SELECTOR = YES;
				GCC_WARN_UNINITIALIZED_AUTOS = YES_AGGRESSIVE;
				GCC_WARN_UNUSED_FUNCTION = YES;
				GCC_WARN_UNUSED_VARIABLE = YES;
				MTL_ENABLE_DEBUG_INFO = NO;
				MTL_FAST_MATH = YES;
				SWIFT_COMPILATION_MODE = wholemodule;
				SWIFT_OPTIMIZATION_LEVEL = "-O";
				VERSIONING_SYSTEM = "apple-generic";
				VERSION_INFO_PREFIX = "";
			};
			name = Release;
		};
		2ED86BDC295E8C1A00DA21C4 /* Debug */ = {
			isa = XCBuildConfiguration;
			buildSettings = {
				CODE_SIGN_STYLE = Automatic;
				CURRENT_PROJECT_VERSION = 1;
				DEFINES_MODULE = YES;
				DEVELOPMENT_TEAM = MYU6NE7WY6;
				DYLIB_COMPATIBILITY_VERSION = 1;
				DYLIB_CURRENT_VERSION = 1;
				DYLIB_INSTALL_NAME_BASE = "@rpath";
				GENERATE_INFOPLIST_FILE = YES;
				INFOPLIST_KEY_NSHumanReadableCopyright = "";
				INSTALL_PATH = "$(LOCAL_LIBRARY_DIR)/Frameworks";
				IPHONEOS_DEPLOYMENT_TARGET = 12.0;
				LD_RUNPATH_SEARCH_PATHS = (
					"@executable_path/Frameworks",
					"@loader_path/Frameworks",
				);
				"LD_RUNPATH_SEARCH_PATHS[sdk=macosx*]" = (
					"@executable_path/../Frameworks",
					"@loader_path/Frameworks",
				);
				MACOSX_DEPLOYMENT_TARGET = 12.0;
				MARKETING_VERSION = 1.0;
				PRODUCT_BUNDLE_IDENTIFIER = "org.appel-rockhold.micropolis-engine";
				PRODUCT_NAME = "$(TARGET_NAME:c99extidentifier)";
				SDKROOT = auto;
				SKIP_INSTALL = YES;
				SUPPORTED_PLATFORMS = "iphoneos iphonesimulator macosx";
				SWIFT_EMIT_LOC_STRINGS = YES;
				SWIFT_VERSION = 5.0;
				TARGETED_DEVICE_FAMILY = "1,2";
			};
			name = Debug;
		};
		2ED86BDD295E8C1A00DA21C4 /* Release */ = {
			isa = XCBuildConfiguration;
			buildSettings = {
				CODE_SIGN_STYLE = Automatic;
				CURRENT_PROJECT_VERSION = 1;
				DEFINES_MODULE = YES;
				DEVELOPMENT_TEAM = MYU6NE7WY6;
				DYLIB_COMPATIBILITY_VERSION = 1;
				DYLIB_CURRENT_VERSION = 1;
				DYLIB_INSTALL_NAME_BASE = "@rpath";
				GENERATE_INFOPLIST_FILE = YES;
				INFOPLIST_KEY_NSHumanReadableCopyright = "";
				INSTALL_PATH = "$(LOCAL_LIBRARY_DIR)/Frameworks";
				IPHONEOS_DEPLOYMENT_TARGET = 12.0;
				LD_RUNPATH_SEARCH_PATHS = (
					"@executable_path/Frameworks",
					"@loader_path/Frameworks",
				);
				"LD_RUNPATH_SEARCH_PATHS[sdk=macosx*]" = (
					"@executable_path/../Frameworks",
					"@loader_path/Frameworks",
				);
				MACOSX_DEPLOYMENT_TARGET = 12.0;
				MARKETING_VERSION = 1.0;
				PRODUCT_BUNDLE_IDENTIFIER = "org.appel-rockhold.micropolis-engine";
				PRODUCT_NAME = "$(TARGET_NAME:c99extidentifier)";
				SDKROOT = auto;
				SKIP_INSTALL = YES;
				SUPPORTED_PLATFORMS = "iphoneos iphonesimulator macosx";
				SWIFT_EMIT_LOC_STRINGS = YES;
				SWIFT_VERSION = 5.0;
				TARGETED_DEVICE_FAMILY = "1,2";
			};
			name = Release;
		};
		2ED86C332960DD3800DA21C4 /* Debug */ = {
			isa = XCBuildConfiguration;
			buildSettings = {
				CODE_SIGN_STYLE = Automatic;
				CURRENT_PROJECT_VERSION = 1;
				DEVELOPMENT_TEAM = MYU6NE7WY6;
				GENERATE_INFOPLIST_FILE = YES;
				MACOSX_DEPLOYMENT_TARGET = 13.0;
				MARKETING_VERSION = 1.0;
				PRODUCT_BUNDLE_IDENTIFIER = "org.appel-rockhold.micropolis-engine-tests";
				PRODUCT_NAME = "$(TARGET_NAME)";
				SDKROOT = macosx;
				SWIFT_EMIT_LOC_STRINGS = NO;
				SWIFT_VERSION = 5.0;
			};
			name = Debug;
		};
		2ED86C342960DD3800DA21C4 /* Release */ = {
			isa = XCBuildConfiguration;
			buildSettings = {
				CODE_SIGN_STYLE = Automatic;
				CURRENT_PROJECT_VERSION = 1;
				DEVELOPMENT_TEAM = MYU6NE7WY6;
				GENERATE_INFOPLIST_FILE = YES;
				MACOSX_DEPLOYMENT_TARGET = 13.0;
				MARKETING_VERSION = 1.0;
				PRODUCT_BUNDLE_IDENTIFIER = "org.appel-rockhold.micropolis-engine-tests";
				PRODUCT_NAME = "$(TARGET_NAME)";
				SDKROOT = macosx;
				SWIFT_EMIT_LOC_STRINGS = NO;
				SWIFT_VERSION = 5.0;
			};
			name = Release;
		};
/* End XCBuildConfiguration section */

/* Begin XCConfigurationList section */
		2ED86BCE295E8C1A00DA21C4 /* Build configuration list for PBXProject "micropolis-engine" */ = {
			isa = XCConfigurationList;
			buildConfigurations = (
				2ED86BD9295E8C1A00DA21C4 /* Debug */,
				2ED86BDA295E8C1A00DA21C4 /* Release */,
			);
			defaultConfigurationIsVisible = 0;
			defaultConfigurationName = Release;
		};
		2ED86BDB295E8C1A00DA21C4 /* Build configuration list for PBXNativeTarget "micropolis-engine" */ = {
			isa = XCConfigurationList;
			buildConfigurations = (
				2ED86BDC295E8C1A00DA21C4 /* Debug */,
				2ED86BDD295E8C1A00DA21C4 /* Release */,
			);
			defaultConfigurationIsVisible = 0;
			defaultConfigurationName = Release;
		};
		2ED86C322960DD3800DA21C4 /* Build configuration list for PBXNativeTarget "micropolis_engine_tests" */ = {
			isa = XCConfigurationList;
			buildConfigurations = (
				2ED86C332960DD3800DA21C4 /* Debug */,
				2ED86C342960DD3800DA21C4 /* Release */,
			);
			defaultConfigurationIsVisible = 0;
			defaultConfigurationName = Release;
		};
/* End XCConfigurationList section */
	};
	rootObject = 2ED86BCB295E8C1A00DA21C4 /* Project object */;
}
